{
  "name": "@mindstone/rebel-cli",
  "version": "0.4.50",
  "lockfileVersion": 3,
  "requires": true,
  "packages": {
    "": {
      "name": "@mindstone/rebel-cli",
      "version": "0.4.50",
      "license": "UNLICENSED",
      "bin": {
        "rebel": "dist/rebel.js"
      },
      "engines": {
        "node": ">=20"
      }
    }
  }
}
